
Microsoft Visual Studio Solution File, Format Version 12.00
# Visual Studio Version 17
VisualStudioVersion = 17.0.31717.71
MinimumVisualStudioVersion = 10.0.40219.1
Project("{2150E333-8FDC-42A3-9474-1A3956D46DE8}") = "Solution Items", "Solution Items", "{D6884455-0385-4D4E-96F1-6E0F926E8D21}"
	ProjectSection(SolutionItems) = preProject
		app.ico = app.ico
		..\version.json = ..\version.json
	EndProjectSection
EndProject
Project("{9A19103F-16F7-4668-BE54-9A1E7A4F7556}") = "Common", "Common\Common.csproj", "{7ADD1E02-0795-453A-81C6-E880BE66AED0}"
EndProject
Project("{9A19103F-16F7-4668-BE54-9A1E7A4F7556}") = "ContainerDesktop", "ContainerDesktop\ContainerDesktop.csproj", "{6B190400-010A-4100-A97A-314B05D25F1A}"
EndProject
Project("{9A19103F-16F7-4668-BE54-9A1E7A4F7556}") = "Installer", "Installer\Installer.csproj", "{00816323-9F10-4065-8913-C268028FEAD7}"
EndProject
Project("{2150E333-8FDC-42A3-9474-1A3956D46DE8}") = "Assets", "Assets", "{8BF6A63A-4EBA-44AD-A61A-970BF208F13C}"
EndProject
Project("{9A19103F-16F7-4668-BE54-9A1E7A4F7556}") = "DesiredStateConfiguration", "DesiredStateConfiguration\DesiredStateConfiguration.csproj", "{99729BBA-6ABB-4BEA-9BEE-915B2A7EE547}"
EndProject
Project("{9A19103F-16F7-4668-BE54-9A1E7A4F7556}") = "Processes", "Processes\Processes.csproj", "{EDE37527-35C3-4D02-AEC4-4EB800DC37C7}"
EndProject
Project("{9A19103F-16F7-4668-BE54-9A1E7A4F7556}") = "Wpf", "Wpf\Wpf.csproj", "{821F05AF-455F-4252-A5C6-554594A3B565}"
EndProject
Project("{9A19103F-16F7-4668-BE54-9A1E7A4F7556}") = "Wsl", "Wsl\Wsl.csproj", "{9187EFAE-094A-42D7-9AC5-109835E14869}"
EndProject
Project("{9A19103F-16F7-4668-BE54-9A1E7A4F7556}") = "Abstractions", "Abstractions\Abstractions.csproj", "{8F55F175-0454-4C16-A70B-CC95CEF811DD}"
EndProject
Project("{FAE04EC0-301F-11D3-BF4B-00C04F79EFBC}") = "Configuration", "Configuration\Configuration.csproj", "{FA8A4562-3005-4906-8673-81C38B9A54AA}"
EndProject
Global
	GlobalSection(SolutionConfigurationPlatforms) = preSolution
		Debug|Any CPU = Debug|Any CPU
		Debug|arm64 = Debug|arm64
		Debug|x64 = Debug|x64
		Debug|x86 = Debug|x86
		Release|Any CPU = Release|Any CPU
		Release|arm64 = Release|arm64
		Release|x64 = Release|x64
		Release|x86 = Release|x86
	EndGlobalSection
	GlobalSection(ProjectConfigurationPlatforms) = postSolution
		{7ADD1E02-0795-453A-81C6-E880BE66AED0}.Debug|Any CPU.ActiveCfg = Debug|Any CPU
		{7ADD1E02-0795-453A-81C6-E880BE66AED0}.Debug|Any CPU.Build.0 = Debug|Any CPU
		{7ADD1E02-0795-453A-81C6-E880BE66AED0}.Debug|arm64.ActiveCfg = Debug|Any CPU
		{7ADD1E02-0795-453A-81C6-E880BE66AED0}.Debug|arm64.Build.0 = Debug|Any CPU
		{7ADD1E02-0795-453A-81C6-E880BE66AED0}.Debug|x64.ActiveCfg = Debug|Any CPU
		{7ADD1E02-0795-453A-81C6-E880BE66AED0}.Debug|x64.Build.0 = Debug|Any CPU
		{7ADD1E02-0795-453A-81C6-E880BE66AED0}.Debug|x86.ActiveCfg = Debug|Any CPU
		{7ADD1E02-0795-453A-81C6-E880BE66AED0}.Debug|x86.Build.0 = Debug|Any CPU
		{7ADD1E02-0795-453A-81C6-E880BE66AED0}.Release|Any CPU.ActiveCfg = Release|Any CPU
		{7ADD1E02-0795-453A-81C6-E880BE66AED0}.Release|Any CPU.Build.0 = Release|Any CPU
		{7ADD1E02-0795-453A-81C6-E880BE66AED0}.Release|arm64.ActiveCfg = Release|Any CPU
		{7ADD1E02-0795-453A-81C6-E880BE66AED0}.Release|arm64.Build.0 = Release|Any CPU
		{7ADD1E02-0795-453A-81C6-E880BE66AED0}.Release|x64.ActiveCfg = Release|Any CPU
		{7ADD1E02-0795-453A-81C6-E880BE66AED0}.Release|x64.Build.0 = Release|Any CPU
		{7ADD1E02-0795-453A-81C6-E880BE66AED0}.Release|x86.ActiveCfg = Release|Any CPU
		{7ADD1E02-0795-453A-81C6-E880BE66AED0}.Release|x86.Build.0 = Release|Any CPU
		{6B190400-010A-4100-A97A-314B05D25F1A}.Debug|Any CPU.ActiveCfg = Debug|Any CPU
		{6B190400-010A-4100-A97A-314B05D25F1A}.Debug|arm64.ActiveCfg = Debug|arm64
		{6B190400-010A-4100-A97A-314B05D25F1A}.Debug|arm64.Build.0 = Debug|arm64
		{6B190400-010A-4100-A97A-314B05D25F1A}.Debug|x64.ActiveCfg = Debug|Any CPU
		{6B190400-010A-4100-A97A-314B05D25F1A}.Debug|x64.Build.0 = Debug|Any CPU
		{6B190400-010A-4100-A97A-314B05D25F1A}.Debug|x86.ActiveCfg = Debug|x86
		{6B190400-010A-4100-A97A-314B05D25F1A}.Debug|x86.Build.0 = Debug|x86
		{6B190400-010A-4100-A97A-314B05D25F1A}.Release|Any CPU.ActiveCfg = Release|x86
		{6B190400-010A-4100-A97A-314B05D25F1A}.Release|arm64.ActiveCfg = Release|arm64
		{6B190400-010A-4100-A97A-314B05D25F1A}.Release|arm64.Build.0 = Release|arm64
		{6B190400-010A-4100-A97A-314B05D25F1A}.Release|x64.ActiveCfg = Release|x64
		{6B190400-010A-4100-A97A-314B05D25F1A}.Release|x64.Build.0 = Release|x64
		{6B190400-010A-4100-A97A-314B05D25F1A}.Release|x86.ActiveCfg = Release|x86
		{6B190400-010A-4100-A97A-314B05D25F1A}.Release|x86.Build.0 = Release|x86
		{00816323-9F10-4065-8913-C268028FEAD7}.Debug|Any CPU.ActiveCfg = Debug|Any CPU
		{00816323-9F10-4065-8913-C268028FEAD7}.Debug|Any CPU.Build.0 = Debug|Any CPU
		{00816323-9F10-4065-8913-C268028FEAD7}.Debug|arm64.ActiveCfg = Debug|Any CPU
		{00816323-9F10-4065-8913-C268028FEAD7}.Debug|arm64.Build.0 = Debug|Any CPU
		{00816323-9F10-4065-8913-C268028FEAD7}.Debug|x64.ActiveCfg = Debug|Any CPU
		{00816323-9F10-4065-8913-C268028FEAD7}.Debug|x64.Build.0 = Debug|Any CPU
		{00816323-9F10-4065-8913-C268028FEAD7}.Debug|x86.ActiveCfg = Debug|Any CPU
		{00816323-9F10-4065-8913-C268028FEAD7}.Debug|x86.Build.0 = Debug|Any CPU
		{00816323-9F10-4065-8913-C268028FEAD7}.Release|Any CPU.ActiveCfg = Release|Any CPU
		{00816323-9F10-4065-8913-C268028FEAD7}.Release|Any CPU.Build.0 = Release|Any CPU
		{00816323-9F10-4065-8913-C268028FEAD7}.Release|arm64.ActiveCfg = Release|Any CPU
		{00816323-9F10-4065-8913-C268028FEAD7}.Release|arm64.Build.0 = Release|Any CPU
		{00816323-9F10-4065-8913-C268028FEAD7}.Release|x64.ActiveCfg = Release|Any CPU
		{00816323-9F10-4065-8913-C268028FEAD7}.Release|x64.Build.0 = Release|Any CPU
		{00816323-9F10-4065-8913-C268028FEAD7}.Release|x86.ActiveCfg = Release|Any CPU
		{00816323-9F10-4065-8913-C268028FEAD7}.Release|x86.Build.0 = Release|Any CPU
		{99729BBA-6ABB-4BEA-9BEE-915B2A7EE547}.Debug|Any CPU.ActiveCfg = Debug|Any CPU
		{99729BBA-6ABB-4BEA-9BEE-915B2A7EE547}.Debug|Any CPU.Build.0 = Debug|Any CPU
		{99729BBA-6ABB-4BEA-9BEE-915B2A7EE547}.Debug|arm64.ActiveCfg = Debug|Any CPU
		{99729BBA-6ABB-4BEA-9BEE-915B2A7EE547}.Debug|arm64.Build.0 = Debug|Any CPU
		{99729BBA-6ABB-4BEA-9BEE-915B2A7EE547}.Debug|x64.ActiveCfg = Debug|Any CPU
		{99729BBA-6ABB-4BEA-9BEE-915B2A7EE547}.Debug|x64.Build.0 = Debug|Any CPU
		{99729BBA-6ABB-4BEA-9BEE-915B2A7EE547}.Debug|x86.ActiveCfg = Debug|Any CPU
		{99729BBA-6ABB-4BEA-9BEE-915B2A7EE547}.Debug|x86.Build.0 = Debug|Any CPU
		{99729BBA-6ABB-4BEA-9BEE-915B2A7EE547}.Release|Any CPU.ActiveCfg = Release|Any CPU
		{99729BBA-6ABB-4BEA-9BEE-915B2A7EE547}.Release|Any CPU.Build.0 = Release|Any CPU
		{99729BBA-6ABB-4BEA-9BEE-915B2A7EE547}.Release|arm64.ActiveCfg = Release|Any CPU
		{99729BBA-6ABB-4BEA-9BEE-915B2A7EE547}.Release|arm64.Build.0 = Release|Any CPU
		{99729BBA-6ABB-4BEA-9BEE-915B2A7EE547}.Release|x64.ActiveCfg = Release|Any CPU
		{99729BBA-6ABB-4BEA-9BEE-915B2A7EE547}.Release|x64.Build.0 = Release|Any CPU
		{99729BBA-6ABB-4BEA-9BEE-915B2A7EE547}.Release|x86.ActiveCfg = Release|Any CPU
		{99729BBA-6ABB-4BEA-9BEE-915B2A7EE547}.Release|x86.Build.0 = Release|Any CPU
		{EDE37527-35C3-4D02-AEC4-4EB800DC37C7}.Debug|Any CPU.ActiveCfg = Debug|Any CPU
		{EDE37527-35C3-4D02-AEC4-4EB800DC37C7}.Debug|Any CPU.Build.0 = Debug|Any CPU
		{EDE37527-35C3-4D02-AEC4-4EB800DC37C7}.Debug|arm64.ActiveCfg = Debug|Any CPU
		{EDE37527-35C3-4D02-AEC4-4EB800DC37C7}.Debug|arm64.Build.0 = Debug|Any CPU
		{EDE37527-35C3-4D02-AEC4-4EB800DC37C7}.Debug|x64.ActiveCfg = Debug|Any CPU
		{EDE37527-35C3-4D02-AEC4-4EB800DC37C7}.Debug|x64.Build.0 = Debug|Any CPU
		{EDE37527-35C3-4D02-AEC4-4EB800DC37C7}.Debug|x86.ActiveCfg = Debug|Any CPU
		{EDE37527-35C3-4D02-AEC4-4EB800DC37C7}.Debug|x86.Build.0 = Debug|Any CPU
		{EDE37527-35C3-4D02-AEC4-4EB800DC37C7}.Release|Any CPU.ActiveCfg = Release|Any CPU
		{EDE37527-35C3-4D02-AEC4-4EB800DC37C7}.Release|Any CPU.Build.0 = Release|Any CPU
		{EDE37527-35C3-4D02-AEC4-4EB800DC37C7}.Release|arm64.ActiveCfg = Release|Any CPU
		{EDE37527-35C3-4D02-AEC4-4EB800DC37C7}.Release|arm64.Build.0 = Release|Any CPU
		{EDE37527-35C3-4D02-AEC4-4EB800DC37C7}.Release|x64.ActiveCfg = Release|Any CPU
		{EDE37527-35C3-4D02-AEC4-4EB800DC37C7}.Release|x64.Build.0 = Release|Any CPU
		{EDE37527-35C3-4D02-AEC4-4EB800DC37C7}.Release|x86.ActiveCfg = Release|Any CPU
		{EDE37527-35C3-4D02-AEC4-4EB800DC37C7}.Release|x86.Build.0 = Release|Any CPU
		{821F05AF-455F-4252-A5C6-554594A3B565}.Debug|Any CPU.ActiveCfg = Debug|Any CPU
		{821F05AF-455F-4252-A5C6-554594A3B565}.Debug|Any CPU.Build.0 = Debug|Any CPU
		{821F05AF-455F-4252-A5C6-554594A3B565}.Debug|arm64.ActiveCfg = Debug|Any CPU
		{821F05AF-455F-4252-A5C6-554594A3B565}.Debug|arm64.Build.0 = Debug|Any CPU
		{821F05AF-455F-4252-A5C6-554594A3B565}.Debug|x64.ActiveCfg = Debug|Any CPU
		{821F05AF-455F-4252-A5C6-554594A3B565}.Debug|x64.Build.0 = Debug|Any CPU
		{821F05AF-455F-4252-A5C6-554594A3B565}.Debug|x86.ActiveCfg = Debug|Any CPU
		{821F05AF-455F-4252-A5C6-554594A3B565}.Debug|x86.Build.0 = Debug|Any CPU
		{821F05AF-455F-4252-A5C6-554594A3B565}.Release|Any CPU.ActiveCfg = Release|Any CPU
		{821F05AF-455F-4252-A5C6-554594A3B565}.Release|Any CPU.Build.0 = Release|Any CPU
		{821F05AF-455F-4252-A5C6-554594A3B565}.Release|arm64.ActiveCfg = Release|Any CPU
		{821F05AF-455F-4252-A5C6-554594A3B565}.Release|arm64.Build.0 = Release|Any CPU
		{821F05AF-455F-4252-A5C6-554594A3B565}.Release|x64.ActiveCfg = Release|Any CPU
		{821F05AF-455F-4252-A5C6-554594A3B565}.Release|x64.Build.0 = Release|Any CPU
		{821F05AF-455F-4252-A5C6-554594A3B565}.Release|x86.ActiveCfg = Release|Any CPU
		{821F05AF-455F-4252-A5C6-554594A3B565}.Release|x86.Build.0 = Release|Any CPU
		{9187EFAE-094A-42D7-9AC5-109835E14869}.Debug|Any CPU.ActiveCfg = Debug|Any CPU
		{9187EFAE-094A-42D7-9AC5-109835E14869}.Debug|Any CPU.Build.0 = Debug|Any CPU
		{9187EFAE-094A-42D7-9AC5-109835E14869}.Debug|arm64.ActiveCfg = Debug|Any CPU
		{9187EFAE-094A-42D7-9AC5-109835E14869}.Debug|arm64.Build.0 = Debug|Any CPU
		{9187EFAE-094A-42D7-9AC5-109835E14869}.Debug|x64.ActiveCfg = Debug|Any CPU
		{9187EFAE-094A-42D7-9AC5-109835E14869}.Debug|x64.Build.0 = Debug|Any CPU
		{9187EFAE-094A-42D7-9AC5-109835E14869}.Debug|x86.ActiveCfg = Debug|Any CPU
		{9187EFAE-094A-42D7-9AC5-109835E14869}.Debug|x86.Build.0 = Debug|Any CPU
		{9187EFAE-094A-42D7-9AC5-109835E14869}.Release|Any CPU.ActiveCfg = Release|Any CPU
		{9187EFAE-094A-42D7-9AC5-109835E14869}.Release|Any CPU.Build.0 = Release|Any CPU
		{9187EFAE-094A-42D7-9AC5-109835E14869}.Release|arm64.ActiveCfg = Release|Any CPU
		{9187EFAE-094A-42D7-9AC5-109835E14869}.Release|arm64.Build.0 = Release|Any CPU
		{9187EFAE-094A-42D7-9AC5-109835E14869}.Release|x64.ActiveCfg = Release|Any CPU
		{9187EFAE-094A-42D7-9AC5-109835E14869}.Release|x64.Build.0 = Release|Any CPU
		{9187EFAE-094A-42D7-9AC5-109835E14869}.Release|x86.ActiveCfg = Release|Any CPU
		{9187EFAE-094A-42D7-9AC5-109835E14869}.Release|x86.Build.0 = Release|Any CPU
		{8F55F175-0454-4C16-A70B-CC95CEF811DD}.Debug|Any CPU.ActiveCfg = Debug|Any CPU
		{8F55F175-0454-4C16-A70B-CC95CEF811DD}.Debug|Any CPU.Build.0 = Debug|Any CPU
		{8F55F175-0454-4C16-A70B-CC95CEF811DD}.Debug|arm64.ActiveCfg = Debug|Any CPU
		{8F55F175-0454-4C16-A70B-CC95CEF811DD}.Debug|arm64.Build.0 = Debug|Any CPU
		{8F55F175-0454-4C16-A70B-CC95CEF811DD}.Debug|x64.ActiveCfg = Debug|Any CPU
		{8F55F175-0454-4C16-A70B-CC95CEF811DD}.Debug|x64.Build.0 = Debug|Any CPU
		{8F55F175-0454-4C16-A70B-CC95CEF811DD}.Debug|x86.ActiveCfg = Debug|Any CPU
		{8F55F175-0454-4C16-A70B-CC95CEF811DD}.Debug|x86.Build.0 = Debug|Any CPU
		{8F55F175-0454-4C16-A70B-CC95CEF811DD}.Release|Any CPU.ActiveCfg = Release|Any CPU
		{8F55F175-0454-4C16-A70B-CC95CEF811DD}.Release|Any CPU.Build.0 = Release|Any CPU
		{8F55F175-0454-4C16-A70B-CC95CEF811DD}.Release|arm64.ActiveCfg = Release|Any CPU
		{8F55F175-0454-4C16-A70B-CC95CEF811DD}.Release|arm64.Build.0 = Release|Any CPU
		{8F55F175-0454-4C16-A70B-CC95CEF811DD}.Release|x64.ActiveCfg = Release|Any CPU
		{8F55F175-0454-4C16-A70B-CC95CEF811DD}.Release|x64.Build.0 = Release|Any CPU
		{8F55F175-0454-4C16-A70B-CC95CEF811DD}.Release|x86.ActiveCfg = Release|Any CPU
		{8F55F175-0454-4C16-A70B-CC95CEF811DD}.Release|x86.Build.0 = Release|Any CPU
		{FA8A4562-3005-4906-8673-81C38B9A54AA}.Debug|Any CPU.ActiveCfg = Debug|Any CPU
		{FA8A4562-3005-4906-8673-81C38B9A54AA}.Debug|Any CPU.Build.0 = Debug|Any CPU
		{FA8A4562-3005-4906-8673-81C38B9A54AA}.Debug|arm64.ActiveCfg = Debug|Any CPU
		{FA8A4562-3005-4906-8673-81C38B9A54AA}.Debug|arm64.Build.0 = Debug|Any CPU
		{FA8A4562-3005-4906-8673-81C38B9A54AA}.Debug|x64.ActiveCfg = Debug|Any CPU
		{FA8A4562-3005-4906-8673-81C38B9A54AA}.Debug|x64.Build.0 = Debug|Any CPU
		{FA8A4562-3005-4906-8673-81C38B9A54AA}.Debug|x86.ActiveCfg = Debug|Any CPU
		{FA8A4562-3005-4906-8673-81C38B9A54AA}.Debug|x86.Build.0 = Debug|Any CPU
		{FA8A4562-3005-4906-8673-81C38B9A54AA}.Release|Any CPU.ActiveCfg = Release|Any CPU
		{FA8A4562-3005-4906-8673-81C38B9A54AA}.Release|Any CPU.Build.0 = Release|Any CPU
		{FA8A4562-3005-4906-8673-81C38B9A54AA}.Release|arm64.ActiveCfg = Release|Any CPU
		{FA8A4562-3005-4906-8673-81C38B9A54AA}.Release|arm64.Build.0 = Release|Any CPU
		{FA8A4562-3005-4906-8673-81C38B9A54AA}.Release|x64.ActiveCfg = Release|Any CPU
		{FA8A4562-3005-4906-8673-81C38B9A54AA}.Release|x64.Build.0 = Release|Any CPU
		{FA8A4562-3005-4906-8673-81C38B9A54AA}.Release|x86.ActiveCfg = Release|Any CPU
		{FA8A4562-3005-4906-8673-81C38B9A54AA}.Release|x86.Build.0 = Release|Any CPU
	EndGlobalSection
	GlobalSection(SolutionProperties) = preSolution
		HideSolutionNode = FALSE
	EndGlobalSection
	GlobalSection(ExtensibilityGlobals) = postSolution
		SolutionGuid = {1E8D3DFB-5DC0-436F-A1DA-09A1BD2C7767}
	EndGlobalSection
EndGlobal
